// !$*UTF8*$!
{
	archiveVersion = 1;
	classes = {
	};
	objectVersion = 46;
	objects = {

/* Begin PBXBuildFile section */
		01EDAD5C1B8EF22200C1CF21 /* main.m in Sources */ = {isa = PBXBuildFile; fileRef = 01EDAD5B1B8EF22200C1CF21 /* main.m */; };
		01EDAD5F1B8EF22200C1CF21 /* AppDelegate.m in Sources */ = {isa = PBXBuildFile; fileRef = 01EDAD5E1B8EF22200C1CF21 /* AppDelegate.m */; };
		01EDAD651B8EF22200C1CF21 /* Main.storyboard in Resources */ = {isa = PBXBuildFile; fileRef = 01EDAD631B8EF22200C1CF21 /* Main.storyboard */; };
		01EDAD671B8EF22200C1CF21 /* Images.xcassets in Resources */ = {isa = PBXBuildFile; fileRef = 01EDAD661B8EF22200C1CF21 /* Images.xcassets */; };
		01EDAD6A1B8EF22200C1CF21 /* LaunchScreen.xib in Resources */ = {isa = PBXBuildFile; fileRef = 01EDAD681B8EF22200C1CF21 /* LaunchScreen.xib */; };
		01EDAD761B8EF22200C1CF21 /* EQCollect_HDTests.m in Sources */ = {isa = PBXBuildFile; fileRef = 01EDAD751B8EF22200C1CF21 /* EQCollect_HDTests.m */; };
		01EDAD9B1B8EFBF300C1CF21 /* DetailViewController.m in Sources */ = {isa = PBXBuildFile; fileRef = 01EDAD951B8EFBF300C1CF21 /* DetailViewController.m */; };
		01EDAD9C1B8EFBF300C1CF21 /* MasterViewController.m in Sources */ = {isa = PBXBuildFile; fileRef = 01EDAD971B8EFBF300C1CF21 /* MasterViewController.m */; };
		01EDADA11B8EFC1F00C1CF21 /* LoginViewController.m in Sources */ = {isa = PBXBuildFile; fileRef = 01EDAD9F1B8EFC1F00C1CF21 /* LoginViewController.m */; };
		01EDADA21B8EFC1F00C1CF21 /* LoginViewController.xib in Resources */ = {isa = PBXBuildFile; fileRef = 01EDADA01B8EFC1F00C1CF21 /* LoginViewController.xib */; };
		D28D42EA1B8FF81500E720AB /* AdminTableHead.xib in Resources */ = {isa = PBXBuildFile; fileRef = D28D42E91B8FF81500E720AB /* AdminTableHead.xib */; };
		D28D42ED1B90006B00E720AB /* AdminTableHead.m in Sources */ = {isa = PBXBuildFile; fileRef = D28D42EC1B90006B00E720AB /* AdminTableHead.m */; };
/* End PBXBuildFile section */

/* Begin PBXContainerItemProxy section */
		01EDAD701B8EF22200C1CF21 /* PBXContainerItemProxy */ = {
			isa = PBXContainerItemProxy;
			containerPortal = 01EDAD4E1B8EF22200C1CF21 /* Project object */;
			proxyType = 1;
			remoteGlobalIDString = 01EDAD551B8EF22200C1CF21;
			remoteInfo = EQCollect_HD;
		};
/* End PBXContainerItemProxy section */

/* Begin PBXFileReference section */
		01EDAD561B8EF22200C1CF21 /* EQCollect_HD.app */ = {isa = PBXFileReference; explicitFileType = wrapper.application; includeInIndex = 0; path = EQCollect_HD.app; sourceTree = BUILT_PRODUCTS_DIR; };
		01EDAD5A1B8EF22200C1CF21 /* Info.plist */ = {isa = PBXFileReference; lastKnownFileType = text.plist.xml; path = Info.plist; sourceTree = "<group>"; };
		01EDAD5B1B8EF22200C1CF21 /* main.m */ = {isa = PBXFileReference; lastKnownFileType = sourcecode.c.objc; path = main.m; sourceTree = "<group>"; };
		01EDAD5D1B8EF22200C1CF21 /* AppDelegate.h */ = {isa = PBXFileReference; lastKnownFileType = sourcecode.c.h; path = AppDelegate.h; sourceTree = "<group>"; };
		01EDAD5E1B8EF22200C1CF21 /* AppDelegate.m */ = {isa = PBXFileReference; lastKnownFileType = sourcecode.c.objc; path = AppDelegate.m; sourceTree = "<group>"; };
		01EDAD641B8EF22200C1CF21 /* Base */ = {isa = PBXFileReference; lastKnownFileType = file.storyboard; name = Base; path = Base.lproj/Main.storyboard; sourceTree = "<group>"; };
		01EDAD661B8EF22200C1CF21 /* Images.xcassets */ = {isa = PBXFileReference; lastKnownFileType = folder.assetcatalog; path = Images.xcassets; sourceTree = "<group>"; };
		01EDAD691B8EF22200C1CF21 /* Base */ = {isa = PBXFileReference; lastKnownFileType = file.xib; name = Base; path = Base.lproj/LaunchScreen.xib; sourceTree = "<group>"; };
		01EDAD6F1B8EF22200C1CF21 /* EQCollect_HDTests.xctest */ = {isa = PBXFileReference; explicitFileType = wrapper.cfbundle; includeInIndex = 0; path = EQCollect_HDTests.xctest; sourceTree = BUILT_PRODUCTS_DIR; };
		01EDAD741B8EF22200C1CF21 /* Info.plist */ = {isa = PBXFileReference; lastKnownFileType = text.plist.xml; path = Info.plist; sourceTree = "<group>"; };
		01EDAD751B8EF22200C1CF21 /* EQCollect_HDTests.m */ = {isa = PBXFileReference; lastKnownFileType = sourcecode.c.objc; path = EQCollect_HDTests.m; sourceTree = "<group>"; };
		01EDAD941B8EFBF300C1CF21 /* DetailViewController.h */ = {isa = PBXFileReference; fileEncoding = 4; lastKnownFileType = sourcecode.c.h; path = DetailViewController.h; sourceTree = "<group>"; };
		01EDAD951B8EFBF300C1CF21 /* DetailViewController.m */ = {isa = PBXFileReference; fileEncoding = 4; lastKnownFileType = sourcecode.c.objc; path = DetailViewController.m; sourceTree = "<group>"; };
		01EDAD961B8EFBF300C1CF21 /* MasterViewController.h */ = {isa = PBXFileReference; fileEncoding = 4; lastKnownFileType = sourcecode.c.h; path = MasterViewController.h; sourceTree = "<group>"; };
		01EDAD971B8EFBF300C1CF21 /* MasterViewController.m */ = {isa = PBXFileReference; fileEncoding = 4; lastKnownFileType = sourcecode.c.objc; path = MasterViewController.m; sourceTree = "<group>"; };
		01EDAD9E1B8EFC1F00C1CF21 /* LoginViewController.h */ = {isa = PBXFileReference; fileEncoding = 4; lastKnownFileType = sourcecode.c.h; path = LoginViewController.h; sourceTree = "<group>"; };
		01EDAD9F1B8EFC1F00C1CF21 /* LoginViewController.m */ = {isa = PBXFileReference; fileEncoding = 4; lastKnownFileType = sourcecode.c.objc; path = LoginViewController.m; sourceTree = "<group>"; };
		01EDADA01B8EFC1F00C1CF21 /* LoginViewController.xib */ = {isa = PBXFileReference; fileEncoding = 4; lastKnownFileType = file.xib; path = LoginViewController.xib; sourceTree = "<group>"; };
		D28D42E91B8FF81500E720AB /* AdminTableHead.xib */ = {isa = PBXFileReference; fileEncoding = 4; lastKnownFileType = file.xib; path = AdminTableHead.xib; sourceTree = "<group>"; };
		D28D42EB1B90006B00E720AB /* AdminTableHead.h */ = {isa = PBXFileReference; fileEncoding = 4; lastKnownFileType = sourcecode.c.h; path = AdminTableHead.h; sourceTree = "<group>"; };
		D28D42EC1B90006B00E720AB /* AdminTableHead.m */ = {isa = PBXFileReference; fileEncoding = 4; lastKnownFileType = sourcecode.c.objc; path = AdminTableHead.m; sourceTree = "<group>"; };
/* End PBXFileReference section */

/* Begin PBXFrameworksBuildPhase section */
		01EDAD531B8EF22200C1CF21 /* Frameworks */ = {
			isa = PBXFrameworksBuildPhase;
			buildActionMask = 2147483647;
			files = (
			);
			runOnlyForDeploymentPostprocessing = 0;
		};
		01EDAD6C1B8EF22200C1CF21 /* Frameworks */ = {
			isa = PBXFrameworksBuildPhase;
			buildActionMask = 2147483647;
			files = (
			);
			runOnlyForDeploymentPostprocessing = 0;
		};
/* End PBXFrameworksBuildPhase section */

/* Begin PBXGroup section */
		01EDAD4D1B8EF22200C1CF21 = {
			isa = PBXGroup;
			children = (
				01EDAD581B8EF22200C1CF21 /* EQCollect_HD */,
				01EDAD721B8EF22200C1CF21 /* EQCollect_HDTests */,
				01EDAD571B8EF22200C1CF21 /* Products */,
			);
			sourceTree = "<group>";
		};
		01EDAD571B8EF22200C1CF21 /* Products */ = {
			isa = PBXGroup;
			children = (
				01EDAD561B8EF22200C1CF21 /* EQCollect_HD.app */,
				01EDAD6F1B8EF22200C1CF21 /* EQCollect_HDTests.xctest */,
			);
			name = Products;
			sourceTree = "<group>";
		};
		01EDAD581B8EF22200C1CF21 /* EQCollect_HD */ = {
			isa = PBXGroup;
			children = (
				01EDAD891B8EFB8300C1CF21 /* Classes */,
				01EDAD5D1B8EF22200C1CF21 /* AppDelegate.h */,
				01EDAD5E1B8EF22200C1CF21 /* AppDelegate.m */,
				01EDAD631B8EF22200C1CF21 /* Main.storyboard */,
				01EDAD661B8EF22200C1CF21 /* Images.xcassets */,
				01EDAD681B8EF22200C1CF21 /* LaunchScreen.xib */,
				01EDAD591B8EF22200C1CF21 /* Supporting Files */,
			);
			path = EQCollect_HD;
			sourceTree = "<group>";
		};
		01EDAD591B8EF22200C1CF21 /* Supporting Files */ = {
			isa = PBXGroup;
			children = (
				01EDAD5A1B8EF22200C1CF21 /* Info.plist */,
				01EDAD5B1B8EF22200C1CF21 /* main.m */,
			);
			name = "Supporting Files";
			sourceTree = "<group>";
		};
		01EDAD721B8EF22200C1CF21 /* EQCollect_HDTests */ = {
			isa = PBXGroup;
			children = (
				01EDAD751B8EF22200C1CF21 /* EQCollect_HDTests.m */,
				01EDAD731B8EF22200C1CF21 /* Supporting Files */,
			);
			path = EQCollect_HDTests;
			sourceTree = "<group>";
		};
		01EDAD731B8EF22200C1CF21 /* Supporting Files */ = {
			isa = PBXGroup;
			children = (
				01EDAD741B8EF22200C1CF21 /* Info.plist */,
			);
			name = "Supporting Files";
			sourceTree = "<group>";
		};
		01EDAD891B8EFB8300C1CF21 /* Classes */ = {
			isa = PBXGroup;
			children = (
				01EDAD911B8EFBF300C1CF21 /* Main */,
			);
			path = Classes;
			sourceTree = "<group>";
		};
		01EDAD911B8EFBF300C1CF21 /* Main */ = {
			isa = PBXGroup;
			children = (
				01EDAD921B8EFBF300C1CF21 /* Home */,
				01EDAD9A1B8EFBF300C1CF21 /* Login */,
			);
			path = Main;
			sourceTree = "<group>";
		};
		01EDAD921B8EFBF300C1CF21 /* Home */ = {
			isa = PBXGroup;
			children = (
				01EDAD931B8EFBF300C1CF21 /* Ccontroller */,
				01EDAD981B8EFBF300C1CF21 /* Model */,
				01EDAD991B8EFBF300C1CF21 /* View */,
			);
			path = Home;
			sourceTree = "<group>";
		};
		01EDAD931B8EFBF300C1CF21 /* Ccontroller */ = {
			isa = PBXGroup;
			children = (
				01EDAD941B8EFBF300C1CF21 /* DetailViewController.h */,
				01EDAD951B8EFBF300C1CF21 /* DetailViewController.m */,
				01EDAD961B8EFBF300C1CF21 /* MasterViewController.h */,
				01EDAD971B8EFBF300C1CF21 /* MasterViewController.m */,
			);
			path = Ccontroller;
			sourceTree = "<group>";
		};
		01EDAD981B8EFBF300C1CF21 /* Model */ = {
			isa = PBXGroup;
			children = (
			);
			path = Model;
			sourceTree = "<group>";
		};
		01EDAD991B8EFBF300C1CF21 /* View */ = {
			isa = PBXGroup;
			children = (
				D28D42EB1B90006B00E720AB /* AdminTableHead.h */,
				D28D42EC1B90006B00E720AB /* AdminTableHead.m */,
				D28D42E91B8FF81500E720AB /* AdminTableHead.xib */,
			);
			path = View;
			sourceTree = "<group>";
		};
		01EDAD9A1B8EFBF300C1CF21 /* Login */ = {
			isa = PBXGroup;
			children = (
				01EDAD9D1B8EFC0700C1CF21 /* Controller */,
			);
			path = Login;
			sourceTree = "<group>";
		};
		01EDAD9D1B8EFC0700C1CF21 /* Controller */ = {
			isa = PBXGroup;
			children = (
				01EDAD9E1B8EFC1F00C1CF21 /* LoginViewController.h */,
				01EDAD9F1B8EFC1F00C1CF21 /* LoginViewController.m */,
				01EDADA01B8EFC1F00C1CF21 /* LoginViewController.xib */,
			);
			path = Controller;
			sourceTree = "<group>";
		};
/* End PBXGroup section */

/* Begin PBXNativeTarget section */
		01EDAD551B8EF22200C1CF21 /* EQCollect_HD */ = {
			isa = PBXNativeTarget;
			buildConfigurationList = 01EDAD791B8EF22200C1CF21 /* Build configuration list for PBXNativeTarget "EQCollect_HD" */;
			buildPhases = (
				01EDAD521B8EF22200C1CF21 /* Sources */,
				01EDAD531B8EF22200C1CF21 /* Frameworks */,
				01EDAD541B8EF22200C1CF21 /* Resources */,
			);
			buildRules = (
			);
			dependencies = (
			);
			name = EQCollect_HD;
			productName = EQCollect_HD;
			productReference = 01EDAD561B8EF22200C1CF21 /* EQCollect_HD.app */;
			productType = "com.apple.product-type.application";
		};
		01EDAD6E1B8EF22200C1CF21 /* EQCollect_HDTests */ = {
			isa = PBXNativeTarget;
			buildConfigurationList = 01EDAD7C1B8EF22200C1CF21 /* Build configuration list for PBXNativeTarget "EQCollect_HDTests" */;
			buildPhases = (
				01EDAD6B1B8EF22200C1CF21 /* Sources */,
				01EDAD6C1B8EF22200C1CF21 /* Frameworks */,
				01EDAD6D1B8EF22200C1CF21 /* Resources */,
			);
			buildRules = (
			);
			dependencies = (
				01EDAD711B8EF22200C1CF21 /* PBXTargetDependency */,
			);
			name = EQCollect_HDTests;
			productName = EQCollect_HDTests;
			productReference = 01EDAD6F1B8EF22200C1CF21 /* EQCollect_HDTests.xctest */;
			productType = "com.apple.product-type.bundle.unit-test";
		};
/* End PBXNativeTarget section */

/* Begin PBXProject section */
		01EDAD4E1B8EF22200C1CF21 /* Project object */ = {
			isa = PBXProject;
			attributes = {
				LastUpgradeCheck = 0640;
				ORGANIZATIONNAME = "董徐维";
				TargetAttributes = {
					01EDAD551B8EF22200C1CF21 = {
						CreatedOnToolsVersion = 6.4;
					};
					01EDAD6E1B8EF22200C1CF21 = {
						CreatedOnToolsVersion = 6.4;
						TestTargetID = 01EDAD551B8EF22200C1CF21;
					};
				};
			};
			buildConfigurationList = 01EDAD511B8EF22200C1CF21 /* Build configuration list for PBXProject "EQCollect_HD" */;
			compatibilityVersion = "Xcode 3.2";
			developmentRegion = English;
			hasScannedForEncodings = 0;
			knownRegions = (
				en,
				Base,
			);
			mainGroup = 01EDAD4D1B8EF22200C1CF21;
			productRefGroup = 01EDAD571B8EF22200C1CF21 /* Products */;
			projectDirPath = "";
			projectRoot = "";
			targets = (
				01EDAD551B8EF22200C1CF21 /* EQCollect_HD */,
				01EDAD6E1B8EF22200C1CF21 /* EQCollect_HDTests */,
			);
		};
/* End PBXProject section */

/* Begin PBXResourcesBuildPhase section */
		01EDAD541B8EF22200C1CF21 /* Resources */ = {
			isa = PBXResourcesBuildPhase;
			buildActionMask = 2147483647;
			files = (
				01EDADA21B8EFC1F00C1CF21 /* LoginViewController.xib in Resources */,
				01EDAD651B8EF22200C1CF21 /* Main.storyboard in Resources */,
				D28D42EA1B8FF81500E720AB /* AdminTableHead.xib in Resources */,
				01EDAD6A1B8EF22200C1CF21 /* LaunchScreen.xib in Resources */,
				01EDAD671B8EF22200C1CF21 /* Images.xcassets in Resources */,
			);
			runOnlyForDeploymentPostprocessing = 0;
		};
		01EDAD6D1B8EF22200C1CF21 /* Resources */ = {
			isa = PBXResourcesBuildPhase;
			buildActionMask = 2147483647;
			files = (
			);
			runOnlyForDeploymentPostprocessing = 0;
		};
/* End PBXResourcesBuildPhase section */

/* Begin PBXSourcesBuildPhase section */
		01EDAD521B8EF22200C1CF21 /* Sources */ = {
			isa = PBXSourcesBuildPhase;
			buildActionMask = 2147483647;
			files = (
				D28D42ED1B90006B00E720AB /* AdminTableHead.m in Sources */,
				01EDAD9B1B8EFBF300C1CF21 /* DetailViewController.m in Sources */,
				01EDAD5F1B8EF22200C1CF21 /* AppDelegate.m in Sources */,
				01EDAD5C1B8EF22200C1CF21 /* main.m in Sources */,
				01EDAD9C1B8EFBF300C1CF21 /* MasterViewController.m in Sources */,
				01EDADA11B8EFC1F00C1CF21 /* LoginViewController.m in Sources */,
			);
			runOnlyForDeploymentPostprocessing = 0;
		};
		01EDAD6B1B8EF22200C1CF21 /* Sources */ = {
			isa = PBXSourcesBuildPhase;
			buildActionMask = 2147483647;
			files = (
				01EDAD761B8EF22200C1CF21 /* EQCollect_HDTests.m in Sources */,
			);
			runOnlyForDeploymentPostprocessing = 0;
		};
/* End PBXSourcesBuildPhase section */

/* Begin PBXTargetDependency section */
		01EDAD711B8EF22200C1CF21 /* PBXTargetDependency */ = {
			isa = PBXTargetDependency;
			target = 01EDAD551B8EF22200C1CF21 /* EQCollect_HD */;
			targetProxy = 01EDAD701B8EF22200C1CF21 /* PBXContainerItemProxy */;
		};
/* End PBXTargetDependency section */

/* Begin PBXVariantGroup section */
		01EDAD631B8EF22200C1CF21 /* Main.storyboard */ = {
			isa = PBXVariantGroup;
			children = (
				01EDAD641B8EF22200C1CF21 /* Base */,
			);
			name = Main.storyboard;
			sourceTree = "<group>";
		};
		01EDAD681B8EF22200C1CF21 /* LaunchScreen.xib */ = {
			isa = PBXVariantGroup;
			children = (
				01EDAD691B8EF22200C1CF21 /* Base */,
			);
			name = LaunchScreen.xib;
			sourceTree = "<group>";
		};
/* End PBXVariantGroup section */

/* Begin XCBuildConfiguration section */
		01EDAD771B8EF22200C1CF21 /* Debug */ = {
			isa = XCBuildConfiguration;
			buildSettings = {
				ALWAYS_SEARCH_USER_PATHS = NO;
				CLANG_CXX_LANGUAGE_STANDARD = "gnu++0x";
				CLANG_CXX_LIBRARY = "libc++";
				CLANG_ENABLE_MODULES = YES;
				CLANG_ENABLE_OBJC_ARC = YES;
				CLANG_WARN_BOOL_CONVERSION = YES;
				CLANG_WARN_CONSTANT_CONVERSION = YES;
				CLANG_WARN_DIRECT_OBJC_ISA_USAGE = YES_ERROR;
				CLANG_WARN_EMPTY_BODY = YES;
				CLANG_WARN_ENUM_CONVERSION = YES;
				CLANG_WARN_INT_CONVERSION = YES;
				CLANG_WARN_OBJC_ROOT_CLASS = YES_ERROR;
				CLANG_WARN_UNREACHABLE_CODE = YES;
				CLANG_WARN__DUPLICATE_METHOD_MATCH = YES;
				"CODE_SIGN_IDENTITY[sdk=iphoneos*]" = "iPhone Developer";
				COPY_PHASE_STRIP = NO;
				DEBUG_INFORMATION_FORMAT = "dwarf-with-dsym";
				ENABLE_STRICT_OBJC_MSGSEND = YES;
				GCC_C_LANGUAGE_STANDARD = gnu99;
				GCC_DYNAMIC_NO_PIC = NO;
				GCC_NO_COMMON_BLOCKS = YES;
				GCC_OPTIMIZATION_LEVEL = 0;
				GCC_PREPROCESSOR_DEFINITIONS = (
					"DEBUG=1",
					"$(inherited)",
				);
				GCC_SYMBOLS_PRIVATE_EXTERN = NO;
				GCC_WARN_64_TO_32_BIT_CONVERSION = YES;
				GCC_WARN_ABOUT_RETURN_TYPE = YES_ERROR;
				GCC_WARN_UNDECLARED_SELECTOR = YES;
				GCC_WARN_UNINITIALIZED_AUTOS = YES_AGGRESSIVE;
				GCC_WARN_UNUSED_FUNCTION = YES;
				GCC_WARN_UNUSED_VARIABLE = YES;
				IPHONEOS_DEPLOYMENT_TARGET = 8.4;
				MTL_ENABLE_DEBUG_INFO = YES;
				ONLY_ACTIVE_ARCH = YES;
				SDKROOT = iphoneos;
				TARGETED_DEVICE_FAMILY = 2;
			};
			name = Debug;
		};
		01EDAD781B8EF22200C1CF21 /* Release */ = {
			isa = XCBuildConfiguration;
			buildSettings = {
				ALWAYS_SEARCH_USER_PATHS = NO;
				CLANG_CXX_LANGUAGE_STANDARD = "gnu++0x";
				CLANG_CXX_LIBRARY = "libc++";
				CLANG_ENABLE_MODULES = YES;
				CLANG_ENABLE_OBJC_ARC = YES;
				CLANG_WARN_BOOL_CONVERSION = YES;
				CLANG_WARN_CONSTANT_CONVERSION = YES;
				CLANG_WARN_DIRECT_OBJC_ISA_USAGE = YES_ERROR;
				CLANG_WARN_EMPTY_BODY = YES;
				CLANG_WARN_ENUM_CONVERSION = YES;
				CLANG_WARN_INT_CONVERSION = YES;
				CLANG_WARN_OBJC_ROOT_CLASS = YES_ERROR;
				CLANG_WARN_UNREACHABLE_CODE = YES;
				CLANG_WARN__DUPLICATE_METHOD_MATCH = YES;
				"CODE_SIGN_IDENTITY[sdk=iphoneos*]" = "iPhone Developer";
				COPY_PHASE_STRIP = NO;
				DEBUG_INFORMATION_FORMAT = "dwarf-with-dsym";
				ENABLE_NS_ASSERTIONS = NO;
				ENABLE_STRICT_OBJC_MSGSEND = YES;
				GCC_C_LANGUAGE_STANDARD = gnu99;
				GCC_NO_COMMON_BLOCKS = YES;
				GCC_WARN_64_TO_32_BIT_CONVERSION = YES;
				GCC_WARN_ABOUT_RETURN_TYPE = YES_ERROR;
				GCC_WARN_UNDECLARED_SELECTOR = YES;
				GCC_WARN_UNINITIALIZED_AUTOS = YES_AGGRESSIVE;
				GCC_WARN_UNUSED_FUNCTION = YES;
				GCC_WARN_UNUSED_VARIABLE = YES;
				IPHONEOS_DEPLOYMENT_TARGET = 8.4;
				MTL_ENABLE_DEBUG_INFO = NO;
				SDKROOT = iphoneos;
				TARGETED_DEVICE_FAMILY = 2;
				VALIDATE_PRODUCT = YES;
			};
			name = Release;
		};
		01EDAD7A1B8EF22200C1CF21 /* Debug */ = {
			isa = XCBuildConfiguration;
			buildSettings = {
				ASSETCATALOG_COMPILER_APPICON_NAME = AppIcon;
				INFOPLIST_FILE = EQCollect_HD/Info.plist;
				LD_RUNPATH_SEARCH_PATHS = "$(inherited) @executable_path/Frameworks";
				PRODUCT_NAME = "$(TARGET_NAME)";
			};
			name = Debug;
		};
		01EDAD7B1B8EF22200C1CF21 /* Release */ = {
			isa = XCBuildConfiguration;
			buildSettings = {
				ASSETCATALOG_COMPILER_APPICON_NAME = AppIcon;
				INFOPLIST_FILE = EQCollect_HD/Info.plist;
				LD_RUNPATH_SEARCH_PATHS = "$(inherited) @executable_path/Frameworks";
				PRODUCT_NAME = "$(TARGET_NAME)";
			};
			name = Release;
		};
		01EDAD7D1B8EF22200C1CF21 /* Debug */ = {
			isa = XCBuildConfiguration;
			buildSettings = {
				BUNDLE_LOADER = "$(TEST_HOST)";
				FRAMEWORK_SEARCH_PATHS = (
					"$(SDKROOT)/Developer/Library/Frameworks",
					"$(inherited)",
				);
				GCC_PREPROCESSOR_DEFINITIONS = (
					"DEBUG=1",
					"$(inherited)",
				);
				INFOPLIST_FILE = EQCollect_HDTests/Info.plist;
				LD_RUNPATH_SEARCH_PATHS = "$(inherited) @executable_path/Frameworks @loader_path/Frameworks";
				PRODUCT_NAME = "$(TARGET_NAME)";
				TEST_HOST = "$(BUILT_PRODUCTS_DIR)/EQCollect_HD.app/EQCollect_HD";
			};
			name = Debug;
		};
		01EDAD7E1B8EF22200C1CF21 /* Release */ = {
			isa = XCBuildConfiguration;
			buildSettings = {
				BUNDLE_LOADER = "$(TEST_HOST)";
				FRAMEWORK_SEARCH_PATHS = (
					"$(SDKROOT)/Developer/Library/Frameworks",
					"$(inherited)",
				);
				INFOPLIST_FILE = EQCollect_HDTests/Info.plist;
				LD_RUNPATH_SEARCH_PATHS = "$(inherited) @executable_path/Frameworks @loader_path/Frameworks";
				PRODUCT_NAME = "$(TARGET_NAME)";
				TEST_HOST = "$(BUILT_PRODUCTS_DIR)/EQCollect_HD.app/EQCollect_HD";
			};
			name = Release;
		};
/* End XCBuildConfiguration section */

/* Begin XCConfigurationList section */
		01EDAD511B8EF22200C1CF21 /* Build configuration list for PBXProject "EQCollect_HD" */ = {
			isa = XCConfigurationList;
			buildConfigurations = (
				01EDAD771B8EF22200C1CF21 /* Debug */,
				01EDAD781B8EF22200C1CF21 /* Release */,
			);
			defaultConfigurationIsVisible = 0;
			defaultConfigurationName = Release;
		};
		01EDAD791B8EF22200C1CF21 /* Build configuration list for PBXNativeTarget "EQCollect_HD" */ = {
			isa = XCConfigurationList;
			buildConfigurations = (
				01EDAD7A1B8EF22200C1CF21 /* Debug */,
				01EDAD7B1B8EF22200C1CF21 /* Release */,
			);
			defaultConfigurationIsVisible = 0;
			defaultConfigurationName = Release;
		};
		01EDAD7C1B8EF22200C1CF21 /* Build configuration list for PBXNativeTarget "EQCollect_HDTests" */ = {
			isa = XCConfigurationList;
			buildConfigurations = (
				01EDAD7D1B8EF22200C1CF21 /* Debug */,
				01EDAD7E1B8EF22200C1CF21 /* Release */,
			);
			defaultConfigurationIsVisible = 0;
			defaultConfigurationName = Release;
		};
/* End XCConfigurationList section */
	};
	rootObject = 01EDAD4E1B8EF22200C1CF21 /* Project object */;
}
